
Microsoft Visual Studio Solution File, Format Version 12.00
Project("{FAE04EC0-301F-11D3-BF4B-00C04F79EFBC}") = "home_work", "home_work\home_work.csproj", "{11FEB16C-7F80-40FD-916D-09AAA0B02548}"
EndProject
Global
	GlobalSection(SolutionConfigurationPlatforms) = preSolution
		Debug|Any CPU = Debug|Any CPU
		Release|Any CPU = Release|Any CPU
	EndGlobalSection
	GlobalSection(ProjectConfigurationPlatforms) = postSolution
		{11FEB16C-7F80-40FD-916D-09AAA0B02548}.Debug|Any CPU.ActiveCfg = Debug|Any CPU
		{11FEB16C-7F80-40FD-916D-09AAA0B02548}.Debug|Any CPU.Build.0 = Debug|Any CPU
		{11FEB16C-7F80-40FD-916D-09AAA0B02548}.Release|Any CPU.ActiveCfg = Release|Any CPU
		{11FEB16C-7F80-40FD-916D-09AAA0B02548}.Release|Any CPU.Build.0 = Release|Any CPU
	EndGlobalSection
EndGlobal
