
Microsoft Visual Studio Solution File, Format Version 12.00
# Visual Studio Version 16
VisualStudioVersion = 16.0.31624.102
MinimumVisualStudioVersion = 10.0.40219.1
Project("{FAE04EC0-301F-11D3-BF4B-00C04F79EFBC}") = "Task_1", "Task_1\Task_1.csproj", "{3F8757C6-E798-4C37-BC86-961C87A70D61}"
EndProject
Project("{FAE04EC0-301F-11D3-BF4B-00C04F79EFBC}") = "Task_2", "Task_2\Task_2.csproj", "{DA53FB81-C059-4E38-AB4F-D523C6F348A3}"
EndProject
Project("{FAE04EC0-301F-11D3-BF4B-00C04F79EFBC}") = "Task_3", "Task_3\Task_3.csproj", "{31217EDF-8F3C-4827-9BF7-708131998F27}"
EndProject
Global
	GlobalSection(SolutionConfigurationPlatforms) = preSolution
		Debug|Any CPU = Debug|Any CPU
		Release|Any CPU = Release|Any CPU
	EndGlobalSection
	GlobalSection(ProjectConfigurationPlatforms) = postSolution
		{3F8757C6-E798-4C37-BC86-961C87A70D61}.Debug|Any CPU.ActiveCfg = Debug|Any CPU
		{3F8757C6-E798-4C37-BC86-961C87A70D61}.Debug|Any CPU.Build.0 = Debug|Any CPU
		{3F8757C6-E798-4C37-BC86-961C87A70D61}.Release|Any CPU.ActiveCfg = Release|Any CPU
		{3F8757C6-E798-4C37-BC86-961C87A70D61}.Release|Any CPU.Build.0 = Release|Any CPU
		{DA53FB81-C059-4E38-AB4F-D523C6F348A3}.Debug|Any CPU.ActiveCfg = Debug|Any CPU
		{DA53FB81-C059-4E38-AB4F-D523C6F348A3}.Debug|Any CPU.Build.0 = Debug|Any CPU
		{DA53FB81-C059-4E38-AB4F-D523C6F348A3}.Release|Any CPU.ActiveCfg = Release|Any CPU
		{DA53FB81-C059-4E38-AB4F-D523C6F348A3}.Release|Any CPU.Build.0 = Release|Any CPU
		{31217EDF-8F3C-4827-9BF7-708131998F27}.Debug|Any CPU.ActiveCfg = Debug|Any CPU
		{31217EDF-8F3C-4827-9BF7-708131998F27}.Debug|Any CPU.Build.0 = Debug|Any CPU
		{31217EDF-8F3C-4827-9BF7-708131998F27}.Release|Any CPU.ActiveCfg = Release|Any CPU
		{31217EDF-8F3C-4827-9BF7-708131998F27}.Release|Any CPU.Build.0 = Release|Any CPU
	EndGlobalSection
	GlobalSection(SolutionProperties) = preSolution
		HideSolutionNode = FALSE
	EndGlobalSection
	GlobalSection(ExtensibilityGlobals) = postSolution
		SolutionGuid = {B862DB43-DDA6-4511-841C-E9CA1D00F7D6}
	EndGlobalSection
EndGlobal
