
Microsoft Visual Studio Solution File, Format Version 12.00
Project("{FAE04EC0-301F-11D3-BF4B-00C04F79EFBC}") = "Task01", "Task01\Task01.csproj", "{52047012-0240-4D89-8F80-4E7D27317F6A}"
EndProject
Project("{FAE04EC0-301F-11D3-BF4B-00C04F79EFBC}") = "Task02", "Task02\Task02.csproj", "{C518F867-0090-4E24-B368-50AE55C2EB9F}"
EndProject
Global
	GlobalSection(SolutionConfigurationPlatforms) = preSolution
		Debug|Any CPU = Debug|Any CPU
		Release|Any CPU = Release|Any CPU
	EndGlobalSection
	GlobalSection(ProjectConfigurationPlatforms) = postSolution
		{52047012-0240-4D89-8F80-4E7D27317F6A}.Debug|Any CPU.ActiveCfg = Debug|Any CPU
		{52047012-0240-4D89-8F80-4E7D27317F6A}.Debug|Any CPU.Build.0 = Debug|Any CPU
		{52047012-0240-4D89-8F80-4E7D27317F6A}.Release|Any CPU.ActiveCfg = Release|Any CPU
		{52047012-0240-4D89-8F80-4E7D27317F6A}.Release|Any CPU.Build.0 = Release|Any CPU
		{C518F867-0090-4E24-B368-50AE55C2EB9F}.Debug|Any CPU.ActiveCfg = Debug|Any CPU
		{C518F867-0090-4E24-B368-50AE55C2EB9F}.Debug|Any CPU.Build.0 = Debug|Any CPU
		{C518F867-0090-4E24-B368-50AE55C2EB9F}.Release|Any CPU.ActiveCfg = Release|Any CPU
		{C518F867-0090-4E24-B368-50AE55C2EB9F}.Release|Any CPU.Build.0 = Release|Any CPU
	EndGlobalSection
EndGlobal
