
Microsoft Visual Studio Solution File, Format Version 12.00
# Visual Studio Version 16
VisualStudioVersion = 16.0.31624.102
MinimumVisualStudioVersion = 10.0.40219.1
Project("{FAE04EC0-301F-11D3-BF4B-00C04F79EFBC}") = "WinFormsApp1", "WinFormsApp1\WinFormsApp1.csproj", "{F2117813-90E7-4C12-ADB6-DADE216D74BC}"
EndProject
Project("{FAE04EC0-301F-11D3-BF4B-00C04F79EFBC}") = "WinFormsApp2", "WinFormsApp2\WinFormsApp2.csproj", "{EE81F377-DCA3-49D4-A679-66D812537788}"
EndProject
Project("{FAE04EC0-301F-11D3-BF4B-00C04F79EFBC}") = "WinFormsApp3", "WinFormsApp3\WinFormsApp3.csproj", "{F9138ADB-E3DC-4F9E-AF8C-CFF1D67CD8BF}"
EndProject
Project("{FAE04EC0-301F-11D3-BF4B-00C04F79EFBC}") = "WinFormsApp4", "WinFormsApp4\WinFormsApp4.csproj", "{AAF5D3FA-34EB-49A5-9416-983F25011CD7}"
EndProject
Global
	GlobalSection(SolutionConfigurationPlatforms) = preSolution
		Debug|Any CPU = Debug|Any CPU
		Release|Any CPU = Release|Any CPU
	EndGlobalSection
	GlobalSection(ProjectConfigurationPlatforms) = postSolution
		{F2117813-90E7-4C12-ADB6-DADE216D74BC}.Debug|Any CPU.ActiveCfg = Debug|Any CPU
		{F2117813-90E7-4C12-ADB6-DADE216D74BC}.Debug|Any CPU.Build.0 = Debug|Any CPU
		{F2117813-90E7-4C12-ADB6-DADE216D74BC}.Release|Any CPU.ActiveCfg = Release|Any CPU
		{F2117813-90E7-4C12-ADB6-DADE216D74BC}.Release|Any CPU.Build.0 = Release|Any CPU
		{EE81F377-DCA3-49D4-A679-66D812537788}.Debug|Any CPU.ActiveCfg = Debug|Any CPU
		{EE81F377-DCA3-49D4-A679-66D812537788}.Debug|Any CPU.Build.0 = Debug|Any CPU
		{EE81F377-DCA3-49D4-A679-66D812537788}.Release|Any CPU.ActiveCfg = Release|Any CPU
		{EE81F377-DCA3-49D4-A679-66D812537788}.Release|Any CPU.Build.0 = Release|Any CPU
		{F9138ADB-E3DC-4F9E-AF8C-CFF1D67CD8BF}.Debug|Any CPU.ActiveCfg = Debug|Any CPU
		{F9138ADB-E3DC-4F9E-AF8C-CFF1D67CD8BF}.Debug|Any CPU.Build.0 = Debug|Any CPU
		{F9138ADB-E3DC-4F9E-AF8C-CFF1D67CD8BF}.Release|Any CPU.ActiveCfg = Release|Any CPU
		{F9138ADB-E3DC-4F9E-AF8C-CFF1D67CD8BF}.Release|Any CPU.Build.0 = Release|Any CPU
		{AAF5D3FA-34EB-49A5-9416-983F25011CD7}.Debug|Any CPU.ActiveCfg = Debug|Any CPU
		{AAF5D3FA-34EB-49A5-9416-983F25011CD7}.Debug|Any CPU.Build.0 = Debug|Any CPU
		{AAF5D3FA-34EB-49A5-9416-983F25011CD7}.Release|Any CPU.ActiveCfg = Release|Any CPU
		{AAF5D3FA-34EB-49A5-9416-983F25011CD7}.Release|Any CPU.Build.0 = Release|Any CPU
	EndGlobalSection
	GlobalSection(SolutionProperties) = preSolution
		HideSolutionNode = FALSE
	EndGlobalSection
	GlobalSection(ExtensibilityGlobals) = postSolution
		SolutionGuid = {A469E83C-AE2B-4C06-AE0E-1E558640F143}
	EndGlobalSection
EndGlobal
