
Microsoft Visual Studio Solution File, Format Version 12.00
# Visual Studio Version 16
VisualStudioVersion = 16.0.31624.102
MinimumVisualStudioVersion = 10.0.40219.1
Project("{FAE04EC0-301F-11D3-BF4B-00C04F79EFBC}") = "Task_2", "Task_2\Task_2.csproj", "{AC918FBF-23D3-4775-824C-76BA9BB2C336}"
EndProject
Global
	GlobalSection(SolutionConfigurationPlatforms) = preSolution
		Debug|Any CPU = Debug|Any CPU
		Release|Any CPU = Release|Any CPU
	EndGlobalSection
	GlobalSection(ProjectConfigurationPlatforms) = postSolution
		{AC918FBF-23D3-4775-824C-76BA9BB2C336}.Debug|Any CPU.ActiveCfg = Debug|Any CPU
		{AC918FBF-23D3-4775-824C-76BA9BB2C336}.Debug|Any CPU.Build.0 = Debug|Any CPU
		{AC918FBF-23D3-4775-824C-76BA9BB2C336}.Release|Any CPU.ActiveCfg = Release|Any CPU
		{AC918FBF-23D3-4775-824C-76BA9BB2C336}.Release|Any CPU.Build.0 = Release|Any CPU
	EndGlobalSection
	GlobalSection(SolutionProperties) = preSolution
		HideSolutionNode = FALSE
	EndGlobalSection
	GlobalSection(ExtensibilityGlobals) = postSolution
		SolutionGuid = {1CC82A7D-E329-4A5B-8865-A3DDDFB93AFE}
	EndGlobalSection
EndGlobal
