
Microsoft Visual Studio Solution File, Format Version 12.00
# Visual Studio Version 16
VisualStudioVersion = 16.0.31624.102
MinimumVisualStudioVersion = 10.0.40219.1
Project("{FAE04EC0-301F-11D3-BF4B-00C04F79EFBC}") = "WinFormsApp1", "WinFormsApp1\WinFormsApp1.csproj", "{2CEB3D1A-440A-4DA3-97A9-C1A26C90C3A5}"
EndProject
Global
	GlobalSection(SolutionConfigurationPlatforms) = preSolution
		Debug|Any CPU = Debug|Any CPU
		Release|Any CPU = Release|Any CPU
	EndGlobalSection
	GlobalSection(ProjectConfigurationPlatforms) = postSolution
		{2CEB3D1A-440A-4DA3-97A9-C1A26C90C3A5}.Debug|Any CPU.ActiveCfg = Debug|Any CPU
		{2CEB3D1A-440A-4DA3-97A9-C1A26C90C3A5}.Debug|Any CPU.Build.0 = Debug|Any CPU
		{2CEB3D1A-440A-4DA3-97A9-C1A26C90C3A5}.Release|Any CPU.ActiveCfg = Release|Any CPU
		{2CEB3D1A-440A-4DA3-97A9-C1A26C90C3A5}.Release|Any CPU.Build.0 = Release|Any CPU
	EndGlobalSection
	GlobalSection(SolutionProperties) = preSolution
		HideSolutionNode = FALSE
	EndGlobalSection
	GlobalSection(ExtensibilityGlobals) = postSolution
		SolutionGuid = {0FC730C4-00D8-427F-B48E-F3FD518E9400}
	EndGlobalSection
EndGlobal
