
Microsoft Visual Studio Solution File, Format Version 12.00
Project("{FAE04EC0-301F-11D3-BF4B-00C04F79EFBC}") = "HW", "HW\HW.csproj", "{4E4D3256-94AD-41B1-9CE1-0147EC6F81C9}"
EndProject
Global
	GlobalSection(SolutionConfigurationPlatforms) = preSolution
		Debug|Any CPU = Debug|Any CPU
		Release|Any CPU = Release|Any CPU
	EndGlobalSection
	GlobalSection(ProjectConfigurationPlatforms) = postSolution
		{4E4D3256-94AD-41B1-9CE1-0147EC6F81C9}.Debug|Any CPU.ActiveCfg = Debug|Any CPU
		{4E4D3256-94AD-41B1-9CE1-0147EC6F81C9}.Debug|Any CPU.Build.0 = Debug|Any CPU
		{4E4D3256-94AD-41B1-9CE1-0147EC6F81C9}.Release|Any CPU.ActiveCfg = Release|Any CPU
		{4E4D3256-94AD-41B1-9CE1-0147EC6F81C9}.Release|Any CPU.Build.0 = Release|Any CPU
	EndGlobalSection
EndGlobal
