
Microsoft Visual Studio Solution File, Format Version 12.00
# Visual Studio Version 17
VisualStudioVersion = 17.0.31912.275
MinimumVisualStudioVersion = 10.0.40219.1
Project("{FAE04EC0-301F-11D3-BF4B-00C04F79EFBC}") = "Task1", "Task1\Task1.csproj", "{37F6C02F-3ED9-4E84-B042-8EACC5EBA3E2}"
EndProject
Global
	GlobalSection(SolutionConfigurationPlatforms) = preSolution
		Debug|Any CPU = Debug|Any CPU
		Release|Any CPU = Release|Any CPU
	EndGlobalSection
	GlobalSection(ProjectConfigurationPlatforms) = postSolution
		{37F6C02F-3ED9-4E84-B042-8EACC5EBA3E2}.Debug|Any CPU.ActiveCfg = Debug|Any CPU
		{37F6C02F-3ED9-4E84-B042-8EACC5EBA3E2}.Debug|Any CPU.Build.0 = Debug|Any CPU
		{37F6C02F-3ED9-4E84-B042-8EACC5EBA3E2}.Release|Any CPU.ActiveCfg = Release|Any CPU
		{37F6C02F-3ED9-4E84-B042-8EACC5EBA3E2}.Release|Any CPU.Build.0 = Release|Any CPU
	EndGlobalSection
	GlobalSection(SolutionProperties) = preSolution
		HideSolutionNode = FALSE
	EndGlobalSection
	GlobalSection(ExtensibilityGlobals) = postSolution
		SolutionGuid = {8DBFB79E-EF15-441A-BCB4-C74A770830C0}
	EndGlobalSection
EndGlobal
