
Microsoft Visual Studio Solution File, Format Version 12.00
# Visual Studio Version 17
VisualStudioVersion = 17.0.31912.275
MinimumVisualStudioVersion = 10.0.40219.1
Project("{FAE04EC0-301F-11D3-BF4B-00C04F79EFBC}") = "Task1", "Task1\Task1.csproj", "{942DE3CD-DB9E-4363-AF03-BC74594F9F34}"
EndProject
Global
	GlobalSection(SolutionConfigurationPlatforms) = preSolution
		Debug|Any CPU = Debug|Any CPU
		Release|Any CPU = Release|Any CPU
	EndGlobalSection
	GlobalSection(ProjectConfigurationPlatforms) = postSolution
		{942DE3CD-DB9E-4363-AF03-BC74594F9F34}.Debug|Any CPU.ActiveCfg = Debug|Any CPU
		{942DE3CD-DB9E-4363-AF03-BC74594F9F34}.Debug|Any CPU.Build.0 = Debug|Any CPU
		{942DE3CD-DB9E-4363-AF03-BC74594F9F34}.Release|Any CPU.ActiveCfg = Release|Any CPU
		{942DE3CD-DB9E-4363-AF03-BC74594F9F34}.Release|Any CPU.Build.0 = Release|Any CPU
	EndGlobalSection
	GlobalSection(SolutionProperties) = preSolution
		HideSolutionNode = FALSE
	EndGlobalSection
	GlobalSection(ExtensibilityGlobals) = postSolution
		SolutionGuid = {2A225224-E0E8-4538-A361-D53046A01992}
	EndGlobalSection
EndGlobal
