
Microsoft Visual Studio Solution File, Format Version 12.00
Project("{FAE04EC0-301F-11D3-BF4B-00C04F79EFBC}") = "Task01", "Task01\Task01.csproj", "{BDDA5976-C0BF-4139-BFD3-6FF68582EC69}"
EndProject
Project("{FAE04EC0-301F-11D3-BF4B-00C04F79EFBC}") = "Task02", "Task02\Task02.csproj", "{09198B8A-CBB1-4A60-BC6C-C56CD68AE6F2}"
EndProject
Global
	GlobalSection(SolutionConfigurationPlatforms) = preSolution
		Debug|Any CPU = Debug|Any CPU
		Release|Any CPU = Release|Any CPU
	EndGlobalSection
	GlobalSection(ProjectConfigurationPlatforms) = postSolution
		{BDDA5976-C0BF-4139-BFD3-6FF68582EC69}.Debug|Any CPU.ActiveCfg = Debug|Any CPU
		{BDDA5976-C0BF-4139-BFD3-6FF68582EC69}.Debug|Any CPU.Build.0 = Debug|Any CPU
		{BDDA5976-C0BF-4139-BFD3-6FF68582EC69}.Release|Any CPU.ActiveCfg = Release|Any CPU
		{BDDA5976-C0BF-4139-BFD3-6FF68582EC69}.Release|Any CPU.Build.0 = Release|Any CPU
		{09198B8A-CBB1-4A60-BC6C-C56CD68AE6F2}.Debug|Any CPU.ActiveCfg = Debug|Any CPU
		{09198B8A-CBB1-4A60-BC6C-C56CD68AE6F2}.Debug|Any CPU.Build.0 = Debug|Any CPU
		{09198B8A-CBB1-4A60-BC6C-C56CD68AE6F2}.Release|Any CPU.ActiveCfg = Release|Any CPU
		{09198B8A-CBB1-4A60-BC6C-C56CD68AE6F2}.Release|Any CPU.Build.0 = Release|Any CPU
	EndGlobalSection
EndGlobal
